
Microsoft Visual Studio Solution File, Format Version 12.00
# Visual Studio Version 17
VisualStudioVersion = 17.7.34221.43
MinimumVisualStudioVersion = 10.0.40219.1
Project("{FAE04EC0-301F-11D3-BF4B-00C04F79EFBC}") = "AppsLauncher", "src\AppsLauncher\AppsLauncher.csproj", "{2952E8C8-B843-4BE6-80A6-4F8A9166CD07}"
EndProject
Project("{FAE04EC0-301F-11D3-BF4B-00C04F79EFBC}") = "AppsDownloader", "src\AppsDownloader\AppsDownloader.csproj", "{B2A14DEE-0EF0-4C9E-AACC-D5E2328F8AB4}"
EndProject
Project("{FAE04EC0-301F-11D3-BF4B-00C04F79EFBC}") = "AppsSuiteUpdater", "src\AppsLauncherUpdater\AppsSuiteUpdater.csproj", "{0C08AEE1-1EEE-416A-95CB-7272D8AF74B1}"
EndProject
Project("{FAE04EC0-301F-11D3-BF4B-00C04F79EFBC}") = "PortAble.Suite", "src\PortAble.Suite\PortAble.Suite.csproj", "{A2F5303D-24F0-43C9-96DF-068A3336D5A0}"
EndProject
Global
	GlobalSection(SolutionConfigurationPlatforms) = preSolution
		Debug|Any CPU = Debug|Any CPU
		Release|Any CPU = Release|Any CPU
	EndGlobalSection
	GlobalSection(ProjectConfigurationPlatforms) = postSolution
		{2952E8C8-B843-4BE6-80A6-4F8A9166CD07}.Debug|Any CPU.ActiveCfg = Debug|Any CPU
		{2952E8C8-B843-4BE6-80A6-4F8A9166CD07}.Debug|Any CPU.Build.0 = Debug|Any CPU
		{2952E8C8-B843-4BE6-80A6-4F8A9166CD07}.Release|Any CPU.ActiveCfg = Release|Any CPU
		{2952E8C8-B843-4BE6-80A6-4F8A9166CD07}.Release|Any CPU.Build.0 = Release|Any CPU
		{B2A14DEE-0EF0-4C9E-AACC-D5E2328F8AB4}.Debug|Any CPU.ActiveCfg = Debug|Any CPU
		{B2A14DEE-0EF0-4C9E-AACC-D5E2328F8AB4}.Debug|Any CPU.Build.0 = Debug|Any CPU
		{B2A14DEE-0EF0-4C9E-AACC-D5E2328F8AB4}.Release|Any CPU.ActiveCfg = Release|Any CPU
		{B2A14DEE-0EF0-4C9E-AACC-D5E2328F8AB4}.Release|Any CPU.Build.0 = Release|Any CPU
		{0C08AEE1-1EEE-416A-95CB-7272D8AF74B1}.Debug|Any CPU.ActiveCfg = Debug|Any CPU
		{0C08AEE1-1EEE-416A-95CB-7272D8AF74B1}.Debug|Any CPU.Build.0 = Debug|Any CPU
		{0C08AEE1-1EEE-416A-95CB-7272D8AF74B1}.Release|Any CPU.ActiveCfg = Release|Any CPU
		{0C08AEE1-1EEE-416A-95CB-7272D8AF74B1}.Release|Any CPU.Build.0 = Release|Any CPU
		{A2F5303D-24F0-43C9-96DF-068A3336D5A0}.Debug|Any CPU.ActiveCfg = Debug|Any CPU
		{A2F5303D-24F0-43C9-96DF-068A3336D5A0}.Debug|Any CPU.Build.0 = Debug|Any CPU
		{A2F5303D-24F0-43C9-96DF-068A3336D5A0}.Release|Any CPU.ActiveCfg = Release|Any CPU
		{A2F5303D-24F0-43C9-96DF-068A3336D5A0}.Release|Any CPU.Build.0 = Release|Any CPU
	EndGlobalSection
	GlobalSection(SolutionProperties) = preSolution
		HideSolutionNode = FALSE
	EndGlobalSection
	GlobalSection(ExtensibilityGlobals) = postSolution
		SolutionGuid = {D034D005-ADF9-423C-8F99-B65450D9B81E}
	EndGlobalSection
EndGlobal
